
Microsoft Visual Studio Solution File, Format Version 12.00
# Visual Studio Version 16
VisualStudioVersion = 16.0.29609.76
MinimumVisualStudioVersion = 10.0.40219.1
Project("{FAE04EC0-301F-11D3-BF4B-00C04F79EFBC}") = "Space hangman", "Space hangman\Space hangman.csproj", "{F1348310-90A3-4E2E-8FEE-BC1A7076FBC5}"
EndProject
Global
	GlobalSection(SolutionConfigurationPlatforms) = preSolution
		Debug|Any CPU = Debug|Any CPU
		Release|Any CPU = Release|Any CPU
	EndGlobalSection
	GlobalSection(ProjectConfigurationPlatforms) = postSolution
		{F1348310-90A3-4E2E-8FEE-BC1A7076FBC5}.Debug|Any CPU.ActiveCfg = Debug|Any CPU
		{F1348310-90A3-4E2E-8FEE-BC1A7076FBC5}.Debug|Any CPU.Build.0 = Debug|Any CPU
		{F1348310-90A3-4E2E-8FEE-BC1A7076FBC5}.Release|Any CPU.ActiveCfg = Release|Any CPU
		{F1348310-90A3-4E2E-8FEE-BC1A7076FBC5}.Release|Any CPU.Build.0 = Release|Any CPU
	EndGlobalSection
	GlobalSection(SolutionProperties) = preSolution
		HideSolutionNode = FALSE
	EndGlobalSection
	GlobalSection(ExtensibilityGlobals) = postSolution
		SolutionGuid = {09623563-EB0B-4CCF-969E-38D41247A16D}
	EndGlobalSection
EndGlobal
